
Microsoft Visual Studio Solution File, Format Version 12.00
# Visual Studio Version 16
VisualStudioVersion = 16.0.29102.190
MinimumVisualStudioVersion = 10.0.40219.1
Project("{FAE04EC0-301F-11D3-BF4B-00C04F79EFBC}") = "Objetos-3D", "Objetos-3D.csproj", "{B781DF86-2E1B-4971-810D-DCB77CD528A8}"
EndProject
Global
	GlobalSection(SolutionConfigurationPlatforms) = preSolution
		Debug|Any CPU = Debug|Any CPU
		Release|Any CPU = Release|Any CPU
	EndGlobalSection
	GlobalSection(ProjectConfigurationPlatforms) = postSolution
		{B781DF86-2E1B-4971-810D-DCB77CD528A8}.Debug|Any CPU.ActiveCfg = Debug|Any CPU
		{B781DF86-2E1B-4971-810D-DCB77CD528A8}.Debug|Any CPU.Build.0 = Debug|Any CPU
		{B781DF86-2E1B-4971-810D-DCB77CD528A8}.Release|Any CPU.ActiveCfg = Release|Any CPU
		{B781DF86-2E1B-4971-810D-DCB77CD528A8}.Release|Any CPU.Build.0 = Release|Any CPU
	EndGlobalSection
	GlobalSection(SolutionProperties) = preSolution
		HideSolutionNode = FALSE
	EndGlobalSection
	GlobalSection(ExtensibilityGlobals) = postSolution
		SolutionGuid = {371AF0BC-44E8-4813-94DA-EC9C24220D14}
	EndGlobalSection
EndGlobal
